
Microsoft Visual Studio Solution File, Format Version 12.00
# Visual Studio Version 17
VisualStudioVersion = 17.1.32319.34
MinimumVisualStudioVersion = 10.0.40219.1
Project("{FAE04EC0-301F-11D3-BF4B-00C04F79EFBC}") = "Stream.Server", "WebApplication1\Stream.Server.csproj", "{45AD7E97-F3A2-4222-9245-08ED32DF4F87}"
EndProject
Project("{FAE04EC0-301F-11D3-BF4B-00C04F79EFBC}") = "Stream.Client", "web.App\Stream.Client.csproj", "{AB6F834D-900F-40E5-9B3E-012C20779CBB}"
EndProject
Global
	GlobalSection(SolutionConfigurationPlatforms) = preSolution
		Debug|Any CPU = Debug|Any CPU
		Release|Any CPU = Release|Any CPU
	EndGlobalSection
	GlobalSection(ProjectConfigurationPlatforms) = postSolution
		{45AD7E97-F3A2-4222-9245-08ED32DF4F87}.Debug|Any CPU.ActiveCfg = Debug|Any CPU
		{45AD7E97-F3A2-4222-9245-08ED32DF4F87}.Debug|Any CPU.Build.0 = Debug|Any CPU
		{45AD7E97-F3A2-4222-9245-08ED32DF4F87}.Release|Any CPU.ActiveCfg = Release|Any CPU
		{45AD7E97-F3A2-4222-9245-08ED32DF4F87}.Release|Any CPU.Build.0 = Release|Any CPU
		{AB6F834D-900F-40E5-9B3E-012C20779CBB}.Debug|Any CPU.ActiveCfg = Debug|Any CPU
		{AB6F834D-900F-40E5-9B3E-012C20779CBB}.Debug|Any CPU.Build.0 = Debug|Any CPU
		{AB6F834D-900F-40E5-9B3E-012C20779CBB}.Release|Any CPU.ActiveCfg = Release|Any CPU
		{AB6F834D-900F-40E5-9B3E-012C20779CBB}.Release|Any CPU.Build.0 = Release|Any CPU
	EndGlobalSection
	GlobalSection(SolutionProperties) = preSolution
		HideSolutionNode = FALSE
	EndGlobalSection
	GlobalSection(ExtensibilityGlobals) = postSolution
		SolutionGuid = {8322FB71-5B77-4006-9AA1-343DB1070D8A}
	EndGlobalSection
EndGlobal
